
Microsoft Visual Studio Solution File, Format Version 12.00
# Visual Studio Version 17
VisualStudioVersion = 17.7.34024.191
MinimumVisualStudioVersion = 10.0.40219.1
Project("{FAE04EC0-301F-11D3-BF4B-00C04F79EFBC}") = "HeapVisualization", "HeapVisualization\HeapVisualization.csproj", "{3B047BCA-295E-4D56-B5B0-90CFF9DC84B0}"
EndProject
Global
	GlobalSection(SolutionConfigurationPlatforms) = preSolution
		Debug|Any CPU = Debug|Any CPU
		Release|Any CPU = Release|Any CPU
	EndGlobalSection
	GlobalSection(ProjectConfigurationPlatforms) = postSolution
		{3B047BCA-295E-4D56-B5B0-90CFF9DC84B0}.Debug|Any CPU.ActiveCfg = Debug|Any CPU
		{3B047BCA-295E-4D56-B5B0-90CFF9DC84B0}.Debug|Any CPU.Build.0 = Debug|Any CPU
		{3B047BCA-295E-4D56-B5B0-90CFF9DC84B0}.Release|Any CPU.ActiveCfg = Release|Any CPU
		{3B047BCA-295E-4D56-B5B0-90CFF9DC84B0}.Release|Any CPU.Build.0 = Release|Any CPU
	EndGlobalSection
	GlobalSection(SolutionProperties) = preSolution
		HideSolutionNode = FALSE
	EndGlobalSection
	GlobalSection(ExtensibilityGlobals) = postSolution
		SolutionGuid = {E1BFD227-5EB1-4936-A8CC-0B36D54A8918}
	EndGlobalSection
EndGlobal
